// !$*UTF8*$!
{
	archiveVersion = 1;
	classes = {
	};
	objectVersion = 56;
	objects = {

/* Begin PBXBuildFile section */
		9F9FCE7729DA1FA20014244E /* WordGameApp.swift in Sources */ = {isa = PBXBuildFile; fileRef = 9F9FCE7629DA1FA20014244E /* WordGameApp.swift */; };
		9F9FCE7929DA1FA20014244E /* ContentView.swift in Sources */ = {isa = PBXBuildFile; fileRef = 9F9FCE7829DA1FA20014244E /* ContentView.swift */; };
		9F9FCE7B29DA1FA30014244E /* Assets.xcassets in Resources */ = {isa = PBXBuildFile; fileRef = 9F9FCE7A29DA1FA30014244E /* Assets.xcassets */; };
		9F9FCE7E29DA1FA30014244E /* Preview Assets.xcassets in Resources */ = {isa = PBXBuildFile; fileRef = 9F9FCE7D29DA1FA30014244E /* Preview Assets.xcassets */; };
		9F9FCE8829DA1FA30014244E /* WordGameTests.swift in Sources */ = {isa = PBXBuildFile; fileRef = 9F9FCE8729DA1FA30014244E /* WordGameTests.swift */; };
		9F9FCE9229DA1FA30014244E /* WordGameUITests.swift in Sources */ = {isa = PBXBuildFile; fileRef = 9F9FCE9129DA1FA30014244E /* WordGameUITests.swift */; };
		9F9FCE9429DA1FA30014244E /* WordGameUITestsLaunchTests.swift in Sources */ = {isa = PBXBuildFile; fileRef = 9F9FCE9329DA1FA30014244E /* WordGameUITestsLaunchTests.swift */; };
		9F9FCEA129DA1FBE0014244E /* words.json in Resources */ = {isa = PBXBuildFile; fileRef = 9F9FCEA029DA1FBE0014244E /* words.json */; };
		9F9FCEB129DB60200014244E /* WordsParser.swift in Sources */ = {isa = PBXBuildFile; fileRef = 9F9FCEB029DB60200014244E /* WordsParser.swift */; };
		9F9FCEB429DB60750014244E /* Word.swift in Sources */ = {isa = PBXBuildFile; fileRef = 9F9FCEB329DB60750014244E /* Word.swift */; };
		9F9FCEB629DB61710014244E /* WordsLoader.swift in Sources */ = {isa = PBXBuildFile; fileRef = 9F9FCEB529DB61710014244E /* WordsLoader.swift */; };
		9F9FCEB829DB64F10014244E /* RoundDataProvider.swift in Sources */ = {isa = PBXBuildFile; fileRef = 9F9FCEB729DB64F10014244E /* RoundDataProvider.swift */; };
		9F9FCEBA29DB65060014244E /* Round.swift in Sources */ = {isa = PBXBuildFile; fileRef = 9F9FCEB929DB65060014244E /* Round.swift */; };
		9F9FCEBD29DB6F0F0014244E /* GameState.swift in Sources */ = {isa = PBXBuildFile; fileRef = 9F9FCEBC29DB6F0F0014244E /* GameState.swift */; };
		9F9FCEBF29DB6F520014244E /* State.swift in Sources */ = {isa = PBXBuildFile; fileRef = 9F9FCEBE29DB6F520014244E /* State.swift */; };
		9F9FCEC129DB70D70014244E /* Actions.swift in Sources */ = {isa = PBXBuildFile; fileRef = 9F9FCEC029DB70D70014244E /* Actions.swift */; };
		9F9FCEC329DB71140014244E /* Reducer.swift in Sources */ = {isa = PBXBuildFile; fileRef = 9F9FCEC229DB71140014244E /* Reducer.swift */; };
		9F9FCEC529DB72C10014244E /* Store.swift in Sources */ = {isa = PBXBuildFile; fileRef = 9F9FCEC429DB72C10014244E /* Store.swift */; };
/* End PBXBuildFile section */

/* Begin PBXContainerItemProxy section */
		9F9FCE8429DA1FA30014244E /* PBXContainerItemProxy */ = {
			isa = PBXContainerItemProxy;
			containerPortal = 9F9FCE6B29DA1FA20014244E /* Project object */;
			proxyType = 1;
			remoteGlobalIDString = 9F9FCE7229DA1FA20014244E;
			remoteInfo = WordGame;
		};
		9F9FCE8E29DA1FA30014244E /* PBXContainerItemProxy */ = {
			isa = PBXContainerItemProxy;
			containerPortal = 9F9FCE6B29DA1FA20014244E /* Project object */;
			proxyType = 1;
			remoteGlobalIDString = 9F9FCE7229DA1FA20014244E;
			remoteInfo = WordGame;
		};
/* End PBXContainerItemProxy section */

/* Begin PBXFileReference section */
		9F9FCE7329DA1FA20014244E /* WordGame.app */ = {isa = PBXFileReference; explicitFileType = wrapper.application; includeInIndex = 0; path = WordGame.app; sourceTree = BUILT_PRODUCTS_DIR; };
		9F9FCE7629DA1FA20014244E /* WordGameApp.swift */ = {isa = PBXFileReference; lastKnownFileType = sourcecode.swift; path = WordGameApp.swift; sourceTree = "<group>"; };
		9F9FCE7829DA1FA20014244E /* ContentView.swift */ = {isa = PBXFileReference; lastKnownFileType = sourcecode.swift; path = ContentView.swift; sourceTree = "<group>"; };
		9F9FCE7A29DA1FA30014244E /* Assets.xcassets */ = {isa = PBXFileReference; lastKnownFileType = folder.assetcatalog; path = Assets.xcassets; sourceTree = "<group>"; };
		9F9FCE7D29DA1FA30014244E /* Preview Assets.xcassets */ = {isa = PBXFileReference; lastKnownFileType = folder.assetcatalog; path = "Preview Assets.xcassets"; sourceTree = "<group>"; };
		9F9FCE8329DA1FA30014244E /* WordGameTests.xctest */ = {isa = PBXFileReference; explicitFileType = wrapper.cfbundle; includeInIndex = 0; path = WordGameTests.xctest; sourceTree = BUILT_PRODUCTS_DIR; };
		9F9FCE8729DA1FA30014244E /* WordGameTests.swift */ = {isa = PBXFileReference; lastKnownFileType = sourcecode.swift; path = WordGameTests.swift; sourceTree = "<group>"; };
		9F9FCE8D29DA1FA30014244E /* WordGameUITests.xctest */ = {isa = PBXFileReference; explicitFileType = wrapper.cfbundle; includeInIndex = 0; path = WordGameUITests.xctest; sourceTree = BUILT_PRODUCTS_DIR; };
		9F9FCE9129DA1FA30014244E /* WordGameUITests.swift */ = {isa = PBXFileReference; lastKnownFileType = sourcecode.swift; path = WordGameUITests.swift; sourceTree = "<group>"; };
		9F9FCE9329DA1FA30014244E /* WordGameUITestsLaunchTests.swift */ = {isa = PBXFileReference; lastKnownFileType = sourcecode.swift; path = WordGameUITestsLaunchTests.swift; sourceTree = "<group>"; };
		9F9FCEA029DA1FBE0014244E /* words.json */ = {isa = PBXFileReference; fileEncoding = 4; lastKnownFileType = text.json; path = words.json; sourceTree = "<group>"; };
		9F9FCEB029DB60200014244E /* WordsParser.swift */ = {isa = PBXFileReference; lastKnownFileType = sourcecode.swift; path = WordsParser.swift; sourceTree = "<group>"; };
		9F9FCEB329DB60750014244E /* Word.swift */ = {isa = PBXFileReference; lastKnownFileType = sourcecode.swift; path = Word.swift; sourceTree = "<group>"; };
		9F9FCEB529DB61710014244E /* WordsLoader.swift */ = {isa = PBXFileReference; lastKnownFileType = sourcecode.swift; path = WordsLoader.swift; sourceTree = "<group>"; };
		9F9FCEB729DB64F10014244E /* RoundDataProvider.swift */ = {isa = PBXFileReference; lastKnownFileType = sourcecode.swift; path = RoundDataProvider.swift; sourceTree = "<group>"; };
		9F9FCEB929DB65060014244E /* Round.swift */ = {isa = PBXFileReference; lastKnownFileType = sourcecode.swift; path = Round.swift; sourceTree = "<group>"; };
		9F9FCEBC29DB6F0F0014244E /* GameState.swift */ = {isa = PBXFileReference; lastKnownFileType = sourcecode.swift; path = GameState.swift; sourceTree = "<group>"; };
		9F9FCEBE29DB6F520014244E /* State.swift */ = {isa = PBXFileReference; lastKnownFileType = sourcecode.swift; path = State.swift; sourceTree = "<group>"; };
		9F9FCEC029DB70D70014244E /* Actions.swift */ = {isa = PBXFileReference; lastKnownFileType = sourcecode.swift; path = Actions.swift; sourceTree = "<group>"; };
		9F9FCEC229DB71140014244E /* Reducer.swift */ = {isa = PBXFileReference; lastKnownFileType = sourcecode.swift; path = Reducer.swift; sourceTree = "<group>"; };
		9F9FCEC429DB72C10014244E /* Store.swift */ = {isa = PBXFileReference; lastKnownFileType = sourcecode.swift; path = Store.swift; sourceTree = "<group>"; };
/* End PBXFileReference section */

/* Begin PBXFrameworksBuildPhase section */
		9F9FCE7029DA1FA20014244E /* Frameworks */ = {
			isa = PBXFrameworksBuildPhase;
			buildActionMask = 2147483647;
			files = (
			);
			runOnlyForDeploymentPostprocessing = 0;
		};
		9F9FCE8029DA1FA30014244E /* Frameworks */ = {
			isa = PBXFrameworksBuildPhase;
			buildActionMask = 2147483647;
			files = (
			);
			runOnlyForDeploymentPostprocessing = 0;
		};
		9F9FCE8A29DA1FA30014244E /* Frameworks */ = {
			isa = PBXFrameworksBuildPhase;
			buildActionMask = 2147483647;
			files = (
			);
			runOnlyForDeploymentPostprocessing = 0;
		};
/* End PBXFrameworksBuildPhase section */

/* Begin PBXGroup section */
		9F9FCE6A29DA1FA20014244E = {
			isa = PBXGroup;
			children = (
				9F9FCE7529DA1FA20014244E /* WordGame */,
				9F9FCE8629DA1FA30014244E /* WordGameTests */,
				9F9FCE9029DA1FA30014244E /* WordGameUITests */,
				9F9FCE7429DA1FA20014244E /* Products */,
			);
			sourceTree = "<group>";
		};
		9F9FCE7429DA1FA20014244E /* Products */ = {
			isa = PBXGroup;
			children = (
				9F9FCE7329DA1FA20014244E /* WordGame.app */,
				9F9FCE8329DA1FA30014244E /* WordGameTests.xctest */,
				9F9FCE8D29DA1FA30014244E /* WordGameUITests.xctest */,
			);
			name = Products;
			sourceTree = "<group>";
		};
		9F9FCE7529DA1FA20014244E /* WordGame */ = {
			isa = PBXGroup;
			children = (
				9F9FCEC629DB74260014244E /* Views */,
				9F9FCEBB29DB6EEE0014244E /* State */,
				9F9FCEB229DB60350014244E /* Models */,
				9F9FCEAF29DB5E6E0014244E /* Services */,
				9F9FCE7629DA1FA20014244E /* WordGameApp.swift */,
				9F9FCEA029DA1FBE0014244E /* words.json */,
				9F9FCE7A29DA1FA30014244E /* Assets.xcassets */,
				9F9FCE7C29DA1FA30014244E /* Preview Content */,
			);
			path = WordGame;
			sourceTree = "<group>";
		};
		9F9FCE7C29DA1FA30014244E /* Preview Content */ = {
			isa = PBXGroup;
			children = (
				9F9FCE7D29DA1FA30014244E /* Preview Assets.xcassets */,
			);
			path = "Preview Content";
			sourceTree = "<group>";
		};
		9F9FCE8629DA1FA30014244E /* WordGameTests */ = {
			isa = PBXGroup;
			children = (
				9F9FCE8729DA1FA30014244E /* WordGameTests.swift */,
			);
			path = WordGameTests;
			sourceTree = "<group>";
		};
		9F9FCE9029DA1FA30014244E /* WordGameUITests */ = {
			isa = PBXGroup;
			children = (
				9F9FCE9129DA1FA30014244E /* WordGameUITests.swift */,
				9F9FCE9329DA1FA30014244E /* WordGameUITestsLaunchTests.swift */,
			);
			path = WordGameUITests;
			sourceTree = "<group>";
		};
		9F9FCEAF29DB5E6E0014244E /* Services */ = {
			isa = PBXGroup;
			children = (
				9F9FCEB029DB60200014244E /* WordsParser.swift */,
				9F9FCEB529DB61710014244E /* WordsLoader.swift */,
				9F9FCEB729DB64F10014244E /* RoundDataProvider.swift */,
			);
			path = Services;
			sourceTree = "<group>";
		};
		9F9FCEB229DB60350014244E /* Models */ = {
			isa = PBXGroup;
			children = (
				9F9FCEBC29DB6F0F0014244E /* GameState.swift */,
				9F9FCEB329DB60750014244E /* Word.swift */,
				9F9FCEB929DB65060014244E /* Round.swift */,
			);
			path = Models;
			sourceTree = "<group>";
		};
		9F9FCEBB29DB6EEE0014244E /* State */ = {
			isa = PBXGroup;
			children = (
				9F9FCEBE29DB6F520014244E /* State.swift */,
				9F9FCEC029DB70D70014244E /* Actions.swift */,
				9F9FCEC229DB71140014244E /* Reducer.swift */,
				9F9FCEC429DB72C10014244E /* Store.swift */,
			);
			path = State;
			sourceTree = "<group>";
		};
		9F9FCEC629DB74260014244E /* Views */ = {
			isa = PBXGroup;
			children = (
				9F9FCE7829DA1FA20014244E /* ContentView.swift */,
			);
			path = Views;
			sourceTree = "<group>";
		};
/* End PBXGroup section */

/* Begin PBXNativeTarget section */
		9F9FCE7229DA1FA20014244E /* WordGame */ = {
			isa = PBXNativeTarget;
			buildConfigurationList = 9F9FCE9729DA1FA30014244E /* Build configuration list for PBXNativeTarget "WordGame" */;
			buildPhases = (
				9F9FCE6F29DA1FA20014244E /* Sources */,
				9F9FCE7029DA1FA20014244E /* Frameworks */,
				9F9FCE7129DA1FA20014244E /* Resources */,
			);
			buildRules = (
			);
			dependencies = (
			);
			name = WordGame;
			productName = WordGame;
			productReference = 9F9FCE7329DA1FA20014244E /* WordGame.app */;
			productType = "com.apple.product-type.application";
		};
		9F9FCE8229DA1FA30014244E /* WordGameTests */ = {
			isa = PBXNativeTarget;
			buildConfigurationList = 9F9FCE9A29DA1FA30014244E /* Build configuration list for PBXNativeTarget "WordGameTests" */;
			buildPhases = (
				9F9FCE7F29DA1FA30014244E /* Sources */,
				9F9FCE8029DA1FA30014244E /* Frameworks */,
				9F9FCE8129DA1FA30014244E /* Resources */,
			);
			buildRules = (
			);
			dependencies = (
				9F9FCE8529DA1FA30014244E /* PBXTargetDependency */,
			);
			name = WordGameTests;
			productName = WordGameTests;
			productReference = 9F9FCE8329DA1FA30014244E /* WordGameTests.xctest */;
			productType = "com.apple.product-type.bundle.unit-test";
		};
		9F9FCE8C29DA1FA30014244E /* WordGameUITests */ = {
			isa = PBXNativeTarget;
			buildConfigurationList = 9F9FCE9D29DA1FA30014244E /* Build configuration list for PBXNativeTarget "WordGameUITests" */;
			buildPhases = (
				9F9FCE8929DA1FA30014244E /* Sources */,
				9F9FCE8A29DA1FA30014244E /* Frameworks */,
				9F9FCE8B29DA1FA30014244E /* Resources */,
			);
			buildRules = (
			);
			dependencies = (
				9F9FCE8F29DA1FA30014244E /* PBXTargetDependency */,
			);
			name = WordGameUITests;
			productName = WordGameUITests;
			productReference = 9F9FCE8D29DA1FA30014244E /* WordGameUITests.xctest */;
			productType = "com.apple.product-type.bundle.ui-testing";
		};
/* End PBXNativeTarget section */

/* Begin PBXProject section */
		9F9FCE6B29DA1FA20014244E /* Project object */ = {
			isa = PBXProject;
			attributes = {
				BuildIndependentTargetsInParallel = 1;
				LastSwiftUpdateCheck = 1420;
				LastUpgradeCheck = 1420;
				TargetAttributes = {
					9F9FCE7229DA1FA20014244E = {
						CreatedOnToolsVersion = 14.2;
					};
					9F9FCE8229DA1FA30014244E = {
						CreatedOnToolsVersion = 14.2;
						TestTargetID = 9F9FCE7229DA1FA20014244E;
					};
					9F9FCE8C29DA1FA30014244E = {
						CreatedOnToolsVersion = 14.2;
						TestTargetID = 9F9FCE7229DA1FA20014244E;
					};
				};
			};
			buildConfigurationList = 9F9FCE6E29DA1FA20014244E /* Build configuration list for PBXProject "WordGame" */;
			compatibilityVersion = "Xcode 14.0";
			developmentRegion = en;
			hasScannedForEncodings = 0;
			knownRegions = (
				en,
				Base,
			);
			mainGroup = 9F9FCE6A29DA1FA20014244E;
			productRefGroup = 9F9FCE7429DA1FA20014244E /* Products */;
			projectDirPath = "";
			projectRoot = "";
			targets = (
				9F9FCE7229DA1FA20014244E /* WordGame */,
				9F9FCE8229DA1FA30014244E /* WordGameTests */,
				9F9FCE8C29DA1FA30014244E /* WordGameUITests */,
			);
		};
/* End PBXProject section */

/* Begin PBXResourcesBuildPhase section */
		9F9FCE7129DA1FA20014244E /* Resources */ = {
			isa = PBXResourcesBuildPhase;
			buildActionMask = 2147483647;
			files = (
				9F9FCEA129DA1FBE0014244E /* words.json in Resources */,
				9F9FCE7E29DA1FA30014244E /* Preview Assets.xcassets in Resources */,
				9F9FCE7B29DA1FA30014244E /* Assets.xcassets in Resources */,
			);
			runOnlyForDeploymentPostprocessing = 0;
		};
		9F9FCE8129DA1FA30014244E /* Resources */ = {
			isa = PBXResourcesBuildPhase;
			buildActionMask = 2147483647;
			files = (
			);
			runOnlyForDeploymentPostprocessing = 0;
		};
		9F9FCE8B29DA1FA30014244E /* Resources */ = {
			isa = PBXResourcesBuildPhase;
			buildActionMask = 2147483647;
			files = (
			);
			runOnlyForDeploymentPostprocessing = 0;
		};
/* End PBXResourcesBuildPhase section */

/* Begin PBXSourcesBuildPhase section */
		9F9FCE6F29DA1FA20014244E /* Sources */ = {
			isa = PBXSourcesBuildPhase;
			buildActionMask = 2147483647;
			files = (
				9F9FCEB829DB64F10014244E /* RoundDataProvider.swift in Sources */,
				9F9FCEBD29DB6F0F0014244E /* GameState.swift in Sources */,
				9F9FCE7929DA1FA20014244E /* ContentView.swift in Sources */,
				9F9FCEC529DB72C10014244E /* Store.swift in Sources */,
				9F9FCEC329DB71140014244E /* Reducer.swift in Sources */,
				9F9FCEB429DB60750014244E /* Word.swift in Sources */,
				9F9FCEB629DB61710014244E /* WordsLoader.swift in Sources */,
				9F9FCEC129DB70D70014244E /* Actions.swift in Sources */,
				9F9FCEBF29DB6F520014244E /* State.swift in Sources */,
				9F9FCE7729DA1FA20014244E /* WordGameApp.swift in Sources */,
				9F9FCEBA29DB65060014244E /* Round.swift in Sources */,
				9F9FCEB129DB60200014244E /* WordsParser.swift in Sources */,
			);
			runOnlyForDeploymentPostprocessing = 0;
		};
		9F9FCE7F29DA1FA30014244E /* Sources */ = {
			isa = PBXSourcesBuildPhase;
			buildActionMask = 2147483647;
			files = (
				9F9FCE8829DA1FA30014244E /* WordGameTests.swift in Sources */,
			);
			runOnlyForDeploymentPostprocessing = 0;
		};
		9F9FCE8929DA1FA30014244E /* Sources */ = {
			isa = PBXSourcesBuildPhase;
			buildActionMask = 2147483647;
			files = (
				9F9FCE9429DA1FA30014244E /* WordGameUITestsLaunchTests.swift in Sources */,
				9F9FCE9229DA1FA30014244E /* WordGameUITests.swift in Sources */,
			);
			runOnlyForDeploymentPostprocessing = 0;
		};
/* End PBXSourcesBuildPhase section */

/* Begin PBXTargetDependency section */
		9F9FCE8529DA1FA30014244E /* PBXTargetDependency */ = {
			isa = PBXTargetDependency;
			target = 9F9FCE7229DA1FA20014244E /* WordGame */;
			targetProxy = 9F9FCE8429DA1FA30014244E /* PBXContainerItemProxy */;
		};
		9F9FCE8F29DA1FA30014244E /* PBXTargetDependency */ = {
			isa = PBXTargetDependency;
			target = 9F9FCE7229DA1FA20014244E /* WordGame */;
			targetProxy = 9F9FCE8E29DA1FA30014244E /* PBXContainerItemProxy */;
		};
/* End PBXTargetDependency section */

/* Begin XCBuildConfiguration section */
		9F9FCE9529DA1FA30014244E /* Debug */ = {
			isa = XCBuildConfiguration;
			buildSettings = {
				ALWAYS_SEARCH_USER_PATHS = NO;
				CLANG_ANALYZER_NONNULL = YES;
				CLANG_ANALYZER_NUMBER_OBJECT_CONVERSION = YES_AGGRESSIVE;
				CLANG_CXX_LANGUAGE_STANDARD = "gnu++20";
				CLANG_ENABLE_MODULES = YES;
				CLANG_ENABLE_OBJC_ARC = YES;
				CLANG_ENABLE_OBJC_WEAK = YES;
				CLANG_WARN_BLOCK_CAPTURE_AUTORELEASING = YES;
				CLANG_WARN_BOOL_CONVERSION = YES;
				CLANG_WARN_COMMA = YES;
				CLANG_WARN_CONSTANT_CONVERSION = YES;
				CLANG_WARN_DEPRECATED_OBJC_IMPLEMENTATIONS = YES;
				CLANG_WARN_DIRECT_OBJC_ISA_USAGE = YES_ERROR;
				CLANG_WARN_DOCUMENTATION_COMMENTS = YES;
				CLANG_WARN_EMPTY_BODY = YES;
				CLANG_WARN_ENUM_CONVERSION = YES;
				CLANG_WARN_INFINITE_RECURSION = YES;
				CLANG_WARN_INT_CONVERSION = YES;
				CLANG_WARN_NON_LITERAL_NULL_CONVERSION = YES;
				CLANG_WARN_OBJC_IMPLICIT_RETAIN_SELF = YES;
				CLANG_WARN_OBJC_LITERAL_CONVERSION = YES;
				CLANG_WARN_OBJC_ROOT_CLASS = YES_ERROR;
				CLANG_WARN_QUOTED_INCLUDE_IN_FRAMEWORK_HEADER = YES;
				CLANG_WARN_RANGE_LOOP_ANALYSIS = YES;
				CLANG_WARN_STRICT_PROTOTYPES = YES;
				CLANG_WARN_SUSPICIOUS_MOVE = YES;
				CLANG_WARN_UNGUARDED_AVAILABILITY = YES_AGGRESSIVE;
				CLANG_WARN_UNREACHABLE_CODE = YES;
				CLANG_WARN__DUPLICATE_METHOD_MATCH = YES;
				COPY_PHASE_STRIP = NO;
				DEBUG_INFORMATION_FORMAT = dwarf;
				ENABLE_STRICT_OBJC_MSGSEND = YES;
				ENABLE_TESTABILITY = YES;
				GCC_C_LANGUAGE_STANDARD = gnu11;
				GCC_DYNAMIC_NO_PIC = NO;
				GCC_NO_COMMON_BLOCKS = YES;
				GCC_OPTIMIZATION_LEVEL = 0;
				GCC_PREPROCESSOR_DEFINITIONS = (
					"DEBUG=1",
					"$(inherited)",
				);
				GCC_WARN_64_TO_32_BIT_CONVERSION = YES;
				GCC_WARN_ABOUT_RETURN_TYPE = YES_ERROR;
				GCC_WARN_UNDECLARED_SELECTOR = YES;
				GCC_WARN_UNINITIALIZED_AUTOS = YES_AGGRESSIVE;
				GCC_WARN_UNUSED_FUNCTION = YES;
				GCC_WARN_UNUSED_VARIABLE = YES;
				IPHONEOS_DEPLOYMENT_TARGET = 16.2;
				MTL_ENABLE_DEBUG_INFO = INCLUDE_SOURCE;
				MTL_FAST_MATH = YES;
				ONLY_ACTIVE_ARCH = YES;
				SDKROOT = iphoneos;
				SWIFT_ACTIVE_COMPILATION_CONDITIONS = DEBUG;
				SWIFT_OPTIMIZATION_LEVEL = "-Onone";
			};
			name = Debug;
		};
		9F9FCE9629DA1FA30014244E /* Release */ = {
			isa = XCBuildConfiguration;
			buildSettings = {
				ALWAYS_SEARCH_USER_PATHS = NO;
				CLANG_ANALYZER_NONNULL = YES;
				CLANG_ANALYZER_NUMBER_OBJECT_CONVERSION = YES_AGGRESSIVE;
				CLANG_CXX_LANGUAGE_STANDARD = "gnu++20";
				CLANG_ENABLE_MODULES = YES;
				CLANG_ENABLE_OBJC_ARC = YES;
				CLANG_ENABLE_OBJC_WEAK = YES;
				CLANG_WARN_BLOCK_CAPTURE_AUTORELEASING = YES;
				CLANG_WARN_BOOL_CONVERSION = YES;
				CLANG_WARN_COMMA = YES;
				CLANG_WARN_CONSTANT_CONVERSION = YES;
				CLANG_WARN_DEPRECATED_OBJC_IMPLEMENTATIONS = YES;
				CLANG_WARN_DIRECT_OBJC_ISA_USAGE = YES_ERROR;
				CLANG_WARN_DOCUMENTATION_COMMENTS = YES;
				CLANG_WARN_EMPTY_BODY = YES;
				CLANG_WARN_ENUM_CONVERSION = YES;
				CLANG_WARN_INFINITE_RECURSION = YES;
				CLANG_WARN_INT_CONVERSION = YES;
				CLANG_WARN_NON_LITERAL_NULL_CONVERSION = YES;
				CLANG_WARN_OBJC_IMPLICIT_RETAIN_SELF = YES;
				CLANG_WARN_OBJC_LITERAL_CONVERSION = YES;
				CLANG_WARN_OBJC_ROOT_CLASS = YES_ERROR;
				CLANG_WARN_QUOTED_INCLUDE_IN_FRAMEWORK_HEADER = YES;
				CLANG_WARN_RANGE_LOOP_ANALYSIS = YES;
				CLANG_WARN_STRICT_PROTOTYPES = YES;
				CLANG_WARN_SUSPICIOUS_MOVE = YES;
				CLANG_WARN_UNGUARDED_AVAILABILITY = YES_AGGRESSIVE;
				CLANG_WARN_UNREACHABLE_CODE = YES;
				CLANG_WARN__DUPLICATE_METHOD_MATCH = YES;
				COPY_PHASE_STRIP = NO;
				DEBUG_INFORMATION_FORMAT = "dwarf-with-dsym";
				ENABLE_NS_ASSERTIONS = NO;
				ENABLE_STRICT_OBJC_MSGSEND = YES;
				GCC_C_LANGUAGE_STANDARD = gnu11;
				GCC_NO_COMMON_BLOCKS = YES;
				GCC_WARN_64_TO_32_BIT_CONVERSION = YES;
				GCC_WARN_ABOUT_RETURN_TYPE = YES_ERROR;
				GCC_WARN_UNDECLARED_SELECTOR = YES;
				GCC_WARN_UNINITIALIZED_AUTOS = YES_AGGRESSIVE;
				GCC_WARN_UNUSED_FUNCTION = YES;
				GCC_WARN_UNUSED_VARIABLE = YES;
				IPHONEOS_DEPLOYMENT_TARGET = 16.2;
				MTL_ENABLE_DEBUG_INFO = NO;
				MTL_FAST_MATH = YES;
				SDKROOT = iphoneos;
				SWIFT_COMPILATION_MODE = wholemodule;
				SWIFT_OPTIMIZATION_LEVEL = "-O";
				VALIDATE_PRODUCT = YES;
			};
			name = Release;
		};
		9F9FCE9829DA1FA30014244E /* Debug */ = {
			isa = XCBuildConfiguration;
			buildSettings = {
				ASSETCATALOG_COMPILER_APPICON_NAME = AppIcon;
				ASSETCATALOG_COMPILER_GLOBAL_ACCENT_COLOR_NAME = AccentColor;
				CODE_SIGN_STYLE = Automatic;
				CURRENT_PROJECT_VERSION = 1;
				DEVELOPMENT_ASSET_PATHS = "\"WordGame/Preview Content\"";
				DEVELOPMENT_TEAM = F729H4D7P8;
				ENABLE_PREVIEWS = YES;
				GENERATE_INFOPLIST_FILE = YES;
				INFOPLIST_KEY_UIApplicationSceneManifest_Generation = YES;
				INFOPLIST_KEY_UIApplicationSupportsIndirectInputEvents = YES;
				INFOPLIST_KEY_UILaunchScreen_Generation = YES;
				INFOPLIST_KEY_UISupportedInterfaceOrientations_iPad = "UIInterfaceOrientationPortrait UIInterfaceOrientationPortraitUpsideDown UIInterfaceOrientationLandscapeLeft UIInterfaceOrientationLandscapeRight";
				INFOPLIST_KEY_UISupportedInterfaceOrientations_iPhone = "UIInterfaceOrientationPortrait UIInterfaceOrientationLandscapeLeft UIInterfaceOrientationLandscapeRight";
				LD_RUNPATH_SEARCH_PATHS = (
					"$(inherited)",
					"@executable_path/Frameworks",
				);
				MARKETING_VERSION = 1.0;
				PRODUCT_BUNDLE_IDENTIFIER = com.test.WordGame;
				PRODUCT_NAME = "$(TARGET_NAME)";
				SWIFT_EMIT_LOC_STRINGS = YES;
				SWIFT_VERSION = 5.0;
				TARGETED_DEVICE_FAMILY = "1,2";
			};
			name = Debug;
		};
		9F9FCE9929DA1FA30014244E /* Release */ = {
			isa = XCBuildConfiguration;
			buildSettings = {
				ASSETCATALOG_COMPILER_APPICON_NAME = AppIcon;
				ASSETCATALOG_COMPILER_GLOBAL_ACCENT_COLOR_NAME = AccentColor;
				CODE_SIGN_STYLE = Automatic;
				CURRENT_PROJECT_VERSION = 1;
				DEVELOPMENT_ASSET_PATHS = "\"WordGame/Preview Content\"";
				DEVELOPMENT_TEAM = F729H4D7P8;
				ENABLE_PREVIEWS = YES;
				GENERATE_INFOPLIST_FILE = YES;
				INFOPLIST_KEY_UIApplicationSceneManifest_Generation = YES;
				INFOPLIST_KEY_UIApplicationSupportsIndirectInputEvents = YES;
				INFOPLIST_KEY_UILaunchScreen_Generation = YES;
				INFOPLIST_KEY_UISupportedInterfaceOrientations_iPad = "UIInterfaceOrientationPortrait UIInterfaceOrientationPortraitUpsideDown UIInterfaceOrientationLandscapeLeft UIInterfaceOrientationLandscapeRight";
				INFOPLIST_KEY_UISupportedInterfaceOrientations_iPhone = "UIInterfaceOrientationPortrait UIInterfaceOrientationLandscapeLeft UIInterfaceOrientationLandscapeRight";
				LD_RUNPATH_SEARCH_PATHS = (
					"$(inherited)",
					"@executable_path/Frameworks",
				);
				MARKETING_VERSION = 1.0;
				PRODUCT_BUNDLE_IDENTIFIER = com.test.WordGame;
				PRODUCT_NAME = "$(TARGET_NAME)";
				SWIFT_EMIT_LOC_STRINGS = YES;
				SWIFT_VERSION = 5.0;
				TARGETED_DEVICE_FAMILY = "1,2";
			};
			name = Release;
		};
		9F9FCE9B29DA1FA30014244E /* Debug */ = {
			isa = XCBuildConfiguration;
			buildSettings = {
				ALWAYS_EMBED_SWIFT_STANDARD_LIBRARIES = YES;
				BUNDLE_LOADER = "$(TEST_HOST)";
				CODE_SIGN_STYLE = Automatic;
				CURRENT_PROJECT_VERSION = 1;
				DEVELOPMENT_TEAM = F729H4D7P8;
				GENERATE_INFOPLIST_FILE = YES;
				IPHONEOS_DEPLOYMENT_TARGET = 16.2;
				MARKETING_VERSION = 1.0;
				PRODUCT_BUNDLE_IDENTIFIER = com.test.WordGameTests;
				PRODUCT_NAME = "$(TARGET_NAME)";
				SWIFT_EMIT_LOC_STRINGS = NO;
				SWIFT_VERSION = 5.0;
				TARGETED_DEVICE_FAMILY = "1,2";
				TEST_HOST = "$(BUILT_PRODUCTS_DIR)/WordGame.app/$(BUNDLE_EXECUTABLE_FOLDER_PATH)/WordGame";
			};
			name = Debug;
		};
		9F9FCE9C29DA1FA30014244E /* Release */ = {
			isa = XCBuildConfiguration;
			buildSettings = {
				ALWAYS_EMBED_SWIFT_STANDARD_LIBRARIES = YES;
				BUNDLE_LOADER = "$(TEST_HOST)";
				CODE_SIGN_STYLE = Automatic;
				CURRENT_PROJECT_VERSION = 1;
				DEVELOPMENT_TEAM = F729H4D7P8;
				GENERATE_INFOPLIST_FILE = YES;
				IPHONEOS_DEPLOYMENT_TARGET = 16.2;
				MARKETING_VERSION = 1.0;
				PRODUCT_BUNDLE_IDENTIFIER = com.test.WordGameTests;
				PRODUCT_NAME = "$(TARGET_NAME)";
				SWIFT_EMIT_LOC_STRINGS = NO;
				SWIFT_VERSION = 5.0;
				TARGETED_DEVICE_FAMILY = "1,2";
				TEST_HOST = "$(BUILT_PRODUCTS_DIR)/WordGame.app/$(BUNDLE_EXECUTABLE_FOLDER_PATH)/WordGame";
			};
			name = Release;
		};
		9F9FCE9E29DA1FA30014244E /* Debug */ = {
			isa = XCBuildConfiguration;
			buildSettings = {
				ALWAYS_EMBED_SWIFT_STANDARD_LIBRARIES = YES;
				CODE_SIGN_STYLE = Automatic;
				CURRENT_PROJECT_VERSION = 1;
				DEVELOPMENT_TEAM = F729H4D7P8;
				GENERATE_INFOPLIST_FILE = YES;
				MARKETING_VERSION = 1.0;
				PRODUCT_BUNDLE_IDENTIFIER = com.test.WordGameUITests;
				PRODUCT_NAME = "$(TARGET_NAME)";
				SWIFT_EMIT_LOC_STRINGS = NO;
				SWIFT_VERSION = 5.0;
				TARGETED_DEVICE_FAMILY = "1,2";
				TEST_TARGET_NAME = WordGame;
			};
			name = Debug;
		};
		9F9FCE9F29DA1FA30014244E /* Release */ = {
			isa = XCBuildConfiguration;
			buildSettings = {
				ALWAYS_EMBED_SWIFT_STANDARD_LIBRARIES = YES;
				CODE_SIGN_STYLE = Automatic;
				CURRENT_PROJECT_VERSION = 1;
				DEVELOPMENT_TEAM = F729H4D7P8;
				GENERATE_INFOPLIST_FILE = YES;
				MARKETING_VERSION = 1.0;
				PRODUCT_BUNDLE_IDENTIFIER = com.test.WordGameUITests;
				PRODUCT_NAME = "$(TARGET_NAME)";
				SWIFT_EMIT_LOC_STRINGS = NO;
				SWIFT_VERSION = 5.0;
				TARGETED_DEVICE_FAMILY = "1,2";
				TEST_TARGET_NAME = WordGame;
			};
			name = Release;
		};
/* End XCBuildConfiguration section */

/* Begin XCConfigurationList section */
		9F9FCE6E29DA1FA20014244E /* Build configuration list for PBXProject "WordGame" */ = {
			isa = XCConfigurationList;
			buildConfigurations = (
				9F9FCE9529DA1FA30014244E /* Debug */,
				9F9FCE9629DA1FA30014244E /* Release */,
			);
			defaultConfigurationIsVisible = 0;
			defaultConfigurationName = Release;
		};
		9F9FCE9729DA1FA30014244E /* Build configuration list for PBXNativeTarget "WordGame" */ = {
			isa = XCConfigurationList;
			buildConfigurations = (
				9F9FCE9829DA1FA30014244E /* Debug */,
				9F9FCE9929DA1FA30014244E /* Release */,
			);
			defaultConfigurationIsVisible = 0;
			defaultConfigurationName = Release;
		};
		9F9FCE9A29DA1FA30014244E /* Build configuration list for PBXNativeTarget "WordGameTests" */ = {
			isa = XCConfigurationList;
			buildConfigurations = (
				9F9FCE9B29DA1FA30014244E /* Debug */,
				9F9FCE9C29DA1FA30014244E /* Release */,
			);
			defaultConfigurationIsVisible = 0;
			defaultConfigurationName = Release;
		};
		9F9FCE9D29DA1FA30014244E /* Build configuration list for PBXNativeTarget "WordGameUITests" */ = {
			isa = XCConfigurationList;
			buildConfigurations = (
				9F9FCE9E29DA1FA30014244E /* Debug */,
				9F9FCE9F29DA1FA30014244E /* Release */,
			);
			defaultConfigurationIsVisible = 0;
			defaultConfigurationName = Release;
		};
/* End XCConfigurationList section */
	};
	rootObject = 9F9FCE6B29DA1FA20014244E /* Project object */;
}
